version: "0.5.0"
git_clone: https://github.com/hyprwm/hyprlock.git
install:
  - /shared/deb-latest/hyprutils.deb
  - libwayland-dev
  - wayland-protocols
  - mesa-common-dev
  - libgl1-mesa-dev
  - libhyprlang-dev
  - libxkbcommon-dev
  - libjpeg-dev
  - libwebp-dev
  - libmagic-dev
  - libcairo2-dev
  - librust-pangocairo-dev
  - libgbm-dev
  - libpam0g-dev
  - libsdbus-c++-dev
debian:
  control:
    description: Hyprland's GPU-accelerated screen locking utility
  rules: |
    %:
    	dh $@ --buildsystem=cmake --parallel

    override_dh_auto_build:
    	cd obj-x86_64-linux-gnu && make -j`nproc` VERBOSE=1

    override_dh_auto_test:
    	echo "Skipping dh_auto_test..."
  dependencies:
    - ${shlibs:Depends}
